
Microsoft Visual Studio Solution File, Format Version 12.00
# Visual Studio Version 16
VisualStudioVersion = 16.0.30804.86
MinimumVisualStudioVersion = 10.0.40219.1
Project("{FAE04EC0-301F-11D3-BF4B-00C04F79EFBC}") = "ADO_NET", "ADO_NET.csproj", "{46B7AF64-B63D-4E3F-AA84-421D882B00CF}"
EndProject
Global
	GlobalSection(SolutionConfigurationPlatforms) = preSolution
		Debug|Any CPU = Debug|Any CPU
		Release|Any CPU = Release|Any CPU
	EndGlobalSection
	GlobalSection(ProjectConfigurationPlatforms) = postSolution
		{46B7AF64-B63D-4E3F-AA84-421D882B00CF}.Debug|Any CPU.ActiveCfg = Debug|Any CPU
		{46B7AF64-B63D-4E3F-AA84-421D882B00CF}.Debug|Any CPU.Build.0 = Debug|Any CPU
		{46B7AF64-B63D-4E3F-AA84-421D882B00CF}.Release|Any CPU.ActiveCfg = Release|Any CPU
		{46B7AF64-B63D-4E3F-AA84-421D882B00CF}.Release|Any CPU.Build.0 = Release|Any CPU
	EndGlobalSection
	GlobalSection(SolutionProperties) = preSolution
		HideSolutionNode = FALSE
	EndGlobalSection
	GlobalSection(ExtensibilityGlobals) = postSolution
		SolutionGuid = {36FB26A4-10E9-4D83-AAF8-EAA4C84D1B42}
	EndGlobalSection
EndGlobal
