
Microsoft Visual Studio Solution File, Format Version 12.00
# Visual Studio Version 16
VisualStudioVersion = 16.0.30804.86
MinimumVisualStudioVersion = 10.0.40219.1
Project("{FAE04EC0-301F-11D3-BF4B-00C04F79EFBC}") = "RPS", "RPS.csproj", "{309A8E43-AB11-4C74-A3E0-872C60081D40}"
EndProject
Global
	GlobalSection(SolutionConfigurationPlatforms) = preSolution
		Debug|Any CPU = Debug|Any CPU
		Release|Any CPU = Release|Any CPU
	EndGlobalSection
	GlobalSection(ProjectConfigurationPlatforms) = postSolution
		{309A8E43-AB11-4C74-A3E0-872C60081D40}.Debug|Any CPU.ActiveCfg = Debug|Any CPU
		{309A8E43-AB11-4C74-A3E0-872C60081D40}.Debug|Any CPU.Build.0 = Debug|Any CPU
		{309A8E43-AB11-4C74-A3E0-872C60081D40}.Release|Any CPU.ActiveCfg = Release|Any CPU
		{309A8E43-AB11-4C74-A3E0-872C60081D40}.Release|Any CPU.Build.0 = Release|Any CPU
	EndGlobalSection
	GlobalSection(SolutionProperties) = preSolution
		HideSolutionNode = FALSE
	EndGlobalSection
	GlobalSection(ExtensibilityGlobals) = postSolution
		SolutionGuid = {30972414-162C-4CAD-B8F4-DA3F9040C90C}
	EndGlobalSection
EndGlobal
