
Microsoft Visual Studio Solution File, Format Version 12.00
# Visual Studio Version 16
VisualStudioVersion = 16.0.30804.86
MinimumVisualStudioVersion = 10.0.40219.1
Project("{FAE04EC0-301F-11D3-BF4B-00C04F79EFBC}") = "Kap22_WPF", "Kap22_WPF.csproj", "{2656805F-4805-447F-933A-606EBAFFBCD8}"
EndProject
Global
	GlobalSection(SolutionConfigurationPlatforms) = preSolution
		Debug|Any CPU = Debug|Any CPU
		Release|Any CPU = Release|Any CPU
	EndGlobalSection
	GlobalSection(ProjectConfigurationPlatforms) = postSolution
		{2656805F-4805-447F-933A-606EBAFFBCD8}.Debug|Any CPU.ActiveCfg = Debug|Any CPU
		{2656805F-4805-447F-933A-606EBAFFBCD8}.Debug|Any CPU.Build.0 = Debug|Any CPU
		{2656805F-4805-447F-933A-606EBAFFBCD8}.Release|Any CPU.ActiveCfg = Release|Any CPU
		{2656805F-4805-447F-933A-606EBAFFBCD8}.Release|Any CPU.Build.0 = Release|Any CPU
	EndGlobalSection
	GlobalSection(SolutionProperties) = preSolution
		HideSolutionNode = FALSE
	EndGlobalSection
	GlobalSection(ExtensibilityGlobals) = postSolution
		SolutionGuid = {B6AA426F-541B-4060-98AA-BE994FC54B0D}
	EndGlobalSection
EndGlobal
